
Microsoft Visual Studio Solution File, Format Version 12.00
# Visual Studio 15
VisualStudioVersion = 15.0.28010.2046
MinimumVisualStudioVersion = 10.0.40219.1
Project("{8BC9CEB8-8B4A-11D0-8D11-00A0C91BC942}") = "Kondratova_D_lab4", "Kondratova_D_lab4\Kondratova_D_lab4.vcxproj", "{479FE558-111B-40BC-AE76-A728164C3D67}"
EndProject
Global
	GlobalSection(SolutionConfigurationPlatforms) = preSolution
		Debug|x64 = Debug|x64
		Debug|x86 = Debug|x86
		Release|x64 = Release|x64
		Release|x86 = Release|x86
	EndGlobalSection
	GlobalSection(ProjectConfigurationPlatforms) = postSolution
		{479FE558-111B-40BC-AE76-A728164C3D67}.Debug|x64.ActiveCfg = Debug|x64
		{479FE558-111B-40BC-AE76-A728164C3D67}.Debug|x64.Build.0 = Debug|x64
		{479FE558-111B-40BC-AE76-A728164C3D67}.Debug|x86.ActiveCfg = Debug|Win32
		{479FE558-111B-40BC-AE76-A728164C3D67}.Debug|x86.Build.0 = Debug|Win32
		{479FE558-111B-40BC-AE76-A728164C3D67}.Release|x64.ActiveCfg = Release|x64
		{479FE558-111B-40BC-AE76-A728164C3D67}.Release|x64.Build.0 = Release|x64
		{479FE558-111B-40BC-AE76-A728164C3D67}.Release|x86.ActiveCfg = Release|Win32
		{479FE558-111B-40BC-AE76-A728164C3D67}.Release|x86.Build.0 = Release|Win32
	EndGlobalSection
	GlobalSection(SolutionProperties) = preSolution
		HideSolutionNode = FALSE
	EndGlobalSection
	GlobalSection(ExtensibilityGlobals) = postSolution
		SolutionGuid = {316A8850-D5E8-447F-BFFB-709BE696B6A0}
	EndGlobalSection
EndGlobal
